
Microsoft Visual Studio Solution File, Format Version 12.00
# Visual Studio Version 17
VisualStudioVersion = 17.0.31903.59
MinimumVisualStudioVersion = 10.0.40219.1
Project("{FAE04EC0-301F-11D3-BF4B-00C04F79EFBC}") = "API", "API\API.csproj", "{6EAB5648-E09F-42C7-BAD8-3CC75FA9B837}"
EndProject
Project("{FAE04EC0-301F-11D3-BF4B-00C04F79EFBC}") = "Core", "Core\Core.csproj", "{C539AEF5-5ACB-42F3-B6C2-70F493BC56B4}"
EndProject
Project("{FAE04EC0-301F-11D3-BF4B-00C04F79EFBC}") = "Infrastructure", "Infrastructure\Infrastructure.csproj", "{FAC11E5B-8258-4837-8FE1-5696AE72D3FC}"
EndProject
Global
	GlobalSection(SolutionConfigurationPlatforms) = preSolution
		Debug|Any CPU = Debug|Any CPU
		Release|Any CPU = Release|Any CPU
	EndGlobalSection
	GlobalSection(SolutionProperties) = preSolution
		HideSolutionNode = FALSE
	EndGlobalSection
	GlobalSection(ProjectConfigurationPlatforms) = postSolution
		{6EAB5648-E09F-42C7-BAD8-3CC75FA9B837}.Debug|Any CPU.ActiveCfg = Debug|Any CPU
		{6EAB5648-E09F-42C7-BAD8-3CC75FA9B837}.Debug|Any CPU.Build.0 = Debug|Any CPU
		{6EAB5648-E09F-42C7-BAD8-3CC75FA9B837}.Release|Any CPU.ActiveCfg = Release|Any CPU
		{6EAB5648-E09F-42C7-BAD8-3CC75FA9B837}.Release|Any CPU.Build.0 = Release|Any CPU
		{C539AEF5-5ACB-42F3-B6C2-70F493BC56B4}.Debug|Any CPU.ActiveCfg = Debug|Any CPU
		{C539AEF5-5ACB-42F3-B6C2-70F493BC56B4}.Debug|Any CPU.Build.0 = Debug|Any CPU
		{C539AEF5-5ACB-42F3-B6C2-70F493BC56B4}.Release|Any CPU.ActiveCfg = Release|Any CPU
		{C539AEF5-5ACB-42F3-B6C2-70F493BC56B4}.Release|Any CPU.Build.0 = Release|Any CPU
		{FAC11E5B-8258-4837-8FE1-5696AE72D3FC}.Debug|Any CPU.ActiveCfg = Debug|Any CPU
		{FAC11E5B-8258-4837-8FE1-5696AE72D3FC}.Debug|Any CPU.Build.0 = Debug|Any CPU
		{FAC11E5B-8258-4837-8FE1-5696AE72D3FC}.Release|Any CPU.ActiveCfg = Release|Any CPU
		{FAC11E5B-8258-4837-8FE1-5696AE72D3FC}.Release|Any CPU.Build.0 = Release|Any CPU
	EndGlobalSection
EndGlobal
